
Microsoft Visual Studio Solution File, Format Version 12.00
# Visual Studio Version 17
VisualStudioVersion = 17.3.32901.215
MinimumVisualStudioVersion = 10.0.40219.1
Project("{FAE04EC0-301F-11D3-BF4B-00C04F79EFBC}") = "LoginFormUser", "LoginFormUser\LoginFormUser.csproj", "{EC9D0ECC-681E-44C2-A159-03931A6BDE8C}"
EndProject
Global
	GlobalSection(SolutionConfigurationPlatforms) = preSolution
		Debug|Any CPU = Debug|Any CPU
		Release|Any CPU = Release|Any CPU
	EndGlobalSection
	GlobalSection(ProjectConfigurationPlatforms) = postSolution
		{EC9D0ECC-681E-44C2-A159-03931A6BDE8C}.Debug|Any CPU.ActiveCfg = Debug|Any CPU
		{EC9D0ECC-681E-44C2-A159-03931A6BDE8C}.Debug|Any CPU.Build.0 = Debug|Any CPU
		{EC9D0ECC-681E-44C2-A159-03931A6BDE8C}.Release|Any CPU.ActiveCfg = Release|Any CPU
		{EC9D0ECC-681E-44C2-A159-03931A6BDE8C}.Release|Any CPU.Build.0 = Release|Any CPU
	EndGlobalSection
	GlobalSection(SolutionProperties) = preSolution
		HideSolutionNode = FALSE
	EndGlobalSection
	GlobalSection(ExtensibilityGlobals) = postSolution
		SolutionGuid = {3E12AB4F-4F9D-4C9F-9C95-20E964007CEF}
	EndGlobalSection
EndGlobal
